
Microsoft Visual Studio Solution File, Format Version 12.00
# Visual Studio 15
VisualStudioVersion = 15.0.27703.2042
MinimumVisualStudioVersion = 10.0.40219.1
Project("{FAE04EC0-301F-11D3-BF4B-00C04F79EFBC}") = "CustomPresentationControls", "CustomPresentationControls\CustomPresentationControls.csproj", "{15CF3A84-23AB-4049-A858-B07EA27E0495}"
EndProject
Project("{FAE04EC0-301F-11D3-BF4B-00C04F79EFBC}") = "CustomPresentationControls.Test", "CustomPresentationControls.Test\CustomPresentationControls.Test.csproj", "{538B44D7-2003-443C-AF64-8666F8FEF41B}"
EndProject
Project("{FAE04EC0-301F-11D3-BF4B-00C04F79EFBC}") = "CustomPresentationControlsTesting", "CustomPresentationControlsTesting\CustomPresentationControlsTesting.csproj", "{296F5061-ABA5-435F-AE3E-921D09C549B8}"
EndProject
Global
	GlobalSection(SolutionConfigurationPlatforms) = preSolution
		Debug|Any CPU = Debug|Any CPU
		Release|Any CPU = Release|Any CPU
	EndGlobalSection
	GlobalSection(ProjectConfigurationPlatforms) = postSolution
		{15CF3A84-23AB-4049-A858-B07EA27E0495}.Debug|Any CPU.ActiveCfg = Debug|Any CPU
		{15CF3A84-23AB-4049-A858-B07EA27E0495}.Debug|Any CPU.Build.0 = Debug|Any CPU
		{15CF3A84-23AB-4049-A858-B07EA27E0495}.Release|Any CPU.ActiveCfg = Release|Any CPU
		{15CF3A84-23AB-4049-A858-B07EA27E0495}.Release|Any CPU.Build.0 = Release|Any CPU
		{538B44D7-2003-443C-AF64-8666F8FEF41B}.Debug|Any CPU.ActiveCfg = Debug|Any CPU
		{538B44D7-2003-443C-AF64-8666F8FEF41B}.Debug|Any CPU.Build.0 = Debug|Any CPU
		{538B44D7-2003-443C-AF64-8666F8FEF41B}.Release|Any CPU.ActiveCfg = Release|Any CPU
		{538B44D7-2003-443C-AF64-8666F8FEF41B}.Release|Any CPU.Build.0 = Release|Any CPU
		{296F5061-ABA5-435F-AE3E-921D09C549B8}.Debug|Any CPU.ActiveCfg = Debug|Any CPU
		{296F5061-ABA5-435F-AE3E-921D09C549B8}.Debug|Any CPU.Build.0 = Debug|Any CPU
		{296F5061-ABA5-435F-AE3E-921D09C549B8}.Release|Any CPU.ActiveCfg = Release|Any CPU
		{296F5061-ABA5-435F-AE3E-921D09C549B8}.Release|Any CPU.Build.0 = Release|Any CPU
	EndGlobalSection
	GlobalSection(SolutionProperties) = preSolution
		HideSolutionNode = FALSE
	EndGlobalSection
	GlobalSection(ExtensibilityGlobals) = postSolution
		SolutionGuid = {98AF08DD-D0E5-4355-AC17-E37C3017DE72}
	EndGlobalSection
EndGlobal
